
Microsoft Visual Studio Solution File, Format Version 12.00
# Visual Studio Version 17
VisualStudioVersion = 17.11.35327.3
MinimumVisualStudioVersion = 10.0.40219.1
Project("{FAE04EC0-301F-11D3-BF4B-00C04F79EFBC}") = "BrainZap_Client", "BrainZap_Client\BrainZap_Client.csproj", "{BECA6027-4EE1-4D05-9248-9F9E9B1232A9}"
EndProject
Global
	GlobalSection(SolutionConfigurationPlatforms) = preSolution
		Debug|Any CPU = Debug|Any CPU
		Release|Any CPU = Release|Any CPU
	EndGlobalSection
	GlobalSection(ProjectConfigurationPlatforms) = postSolution
		{BECA6027-4EE1-4D05-9248-9F9E9B1232A9}.Debug|Any CPU.ActiveCfg = Debug|Any CPU
		{BECA6027-4EE1-4D05-9248-9F9E9B1232A9}.Debug|Any CPU.Build.0 = Debug|Any CPU
		{BECA6027-4EE1-4D05-9248-9F9E9B1232A9}.Release|Any CPU.ActiveCfg = Release|Any CPU
		{BECA6027-4EE1-4D05-9248-9F9E9B1232A9}.Release|Any CPU.Build.0 = Release|Any CPU
	EndGlobalSection
	GlobalSection(SolutionProperties) = preSolution
		HideSolutionNode = FALSE
	EndGlobalSection
	GlobalSection(ExtensibilityGlobals) = postSolution
		SolutionGuid = {B1FA4296-EF66-481A-ABBF-DD7F65CFBC93}
	EndGlobalSection
EndGlobal
